<Solution>
  <Project Path="src/backend/OfficeAssetManager.Api/OfficeAssetManager.Api.csproj" />
  <Project Path="src/backend/OfficeAssetManager.Core/OfficeAssetManager.Core.csproj" />
  <Project Path="src/backend/OfficeAssetManager.Infrastructure/OfficeAssetManager.Infrastructure.csproj" />
  <Project Path="tests/OfficeAssetManager.Tests/OfficeAssetManager.Tests.csproj" Id="d5dadd2f-4d0d-45fb-8a14-60423e8efd30" />
</Solution>
