<Solution>
  <Folder Name="/src/">
    <Project Path="src/backend/OfficeAssetManager.Api/OfficeAssetManager.Api.csproj" />
    <Project Path="src/backend/OfficeAssetManager.Core/OfficeAssetManager.Core.csproj" />
    <Project Path="src/backend/OfficeAssetManager.Infrastructure/OfficeAssetManager.Infrastructure.csproj" />
  </Folder>
  <Folder Name="/tests/">
    <Project Path="tests/OfficeAssetManager.Tests/OfficeAssetManager.Tests.csproj" />
  </Folder>
</Solution>
